{
  "version": "4",
  "specifiers": {
    "jsr:@hono/hono@^4.6.18": "4.6.18",
    "jsr:@std/cli@^1.0.8": "1.0.11",
    "jsr:@std/encoding@^1.0.5": "1.0.6",
    "jsr:@std/fmt@^1.0.3": "1.0.4",
    "jsr:@std/html@^1.0.3": "1.0.3",
    "jsr:@std/http@*": "1.0.12",
    "jsr:@std/media-types@^1.1.0": "1.1.0",
    "jsr:@std/net@^1.0.4": "1.0.4",
    "jsr:@std/path@^1.0.8": "1.0.8",
    "jsr:@std/streams@^1.0.8": "1.0.8",
    "npm:@types/react@19": "19.0.8",
    "npm:react-dom@19": "19.0.0_react@19.0.0",
    "npm:react@19": "19.0.0",
    "npm:rolldown@1.0.0-beta.3": "1.0.0-beta.3_valibot@1.0.0-beta.12",
    "npm:rolldown@^1.0.0-beta.3": "1.0.0-beta.3_valibot@1.0.0-beta.12"
  },
  "jsr": {
    "@hono/hono@4.6.18": {
      "integrity": "0759311509fc19b77ada512c7df29d181cf3f5c5ddd599605c1adce127aaaadc"
    },
    "@std/cli@1.0.11": {
      "integrity": "ec219619fdcd31bcf0d8e53bee1e2706ec9a02f70255365a094f69755dadd340"
    },
    "@std/encoding@1.0.6": {
      "integrity": "ca87122c196e8831737d9547acf001766618e78cd8c33920776c7f5885546069"
    },
    "@std/fmt@1.0.4": {
      "integrity": "e14fe5bedee26f80877e6705a97a79c7eed599e81bb1669127ef9e8bc1e29a74"
    },
    "@std/html@1.0.3": {
      "integrity": "7a0ac35e050431fb49d44e61c8b8aac1ebd55937e0dc9ec6409aa4bab39a7988"
    },
    "@std/http@1.0.12": {
      "integrity": "85246d8bfe9c8e2538518725b158bdc31f616e0869255f4a8d9e3de919cab2aa",
      "dependencies": [
        "jsr:@std/cli",
        "jsr:@std/encoding",
        "jsr:@std/fmt",
        "jsr:@std/html",
        "jsr:@std/media-types",
        "jsr:@std/net",
        "jsr:@std/path",
        "jsr:@std/streams"
      ]
    },
    "@std/media-types@1.1.0": {
      "integrity": "c9d093f0c05c3512932b330e3cc1fe1d627b301db33a4c2c2185c02471d6eaa4"
    },
    "@std/net@1.0.4": {
      "integrity": "2f403b455ebbccf83d8a027d29c5a9e3a2452fea39bb2da7f2c04af09c8bc852"
    },
    "@std/path@1.0.8": {
      "integrity": "548fa456bb6a04d3c1a1e7477986b6cffbce95102d0bb447c67c4ee70e0364be"
    },
    "@std/streams@1.0.8": {
      "integrity": "b41332d93d2cf6a82fe4ac2153b930adf1a859392931e2a19d9fabfb6f154fb3"
    }
  },
  "npm": {
    "@emnapi/core@1.3.1": {
      "integrity": "sha512-pVGjBIt1Y6gg3EJN8jTcfpP/+uuRksIo055oE/OBkDNcjZqVbfkWCksG1Jp4yZnj3iKWyWX8fdG/j6UDYPbFog==",
      "dependencies": [
        "@emnapi/wasi-threads",
        "tslib"
      ]
    },
    "@emnapi/runtime@1.3.1": {
      "integrity": "sha512-kEBmG8KyqtxJZv+ygbEim+KCGtIq1fC22Ms3S4ziXmYKm8uyoLX0MHONVKwp+9opg390VaKRNt4a7A9NwmpNhw==",
      "dependencies": [
        "tslib"
      ]
    },
    "@emnapi/wasi-threads@1.0.1": {
      "integrity": "sha512-iIBu7mwkq4UQGeMEM8bLwNK962nXdhodeScX4slfQnRhEMMzvYivHhutCIk8uojvmASXXPC2WNEjwxFWk72Oqw==",
      "dependencies": [
        "tslib"
      ]
    },
    "@napi-rs/wasm-runtime@0.2.6": {
      "integrity": "sha512-z8YVS3XszxFTO73iwvFDNpQIzdMmSDTP/mB3E/ucR37V3Sx57hSExcXyMoNwaucWxnsWf4xfbZv0iZ30jr0M4Q==",
      "dependencies": [
        "@emnapi/core",
        "@emnapi/runtime",
        "@tybys/wasm-util"
      ]
    },
    "@oxc-project/types@0.46.0": {
      "integrity": "sha512-BHU261xrLasw04d2cToR36F6VV0T7t62rtQUprvBRL4Uru9P23moMkDmZUMSZSQj0fIUTA3oTOTwQ7cc4Av/iw=="
    },
    "@rolldown/binding-darwin-arm64@1.0.0-beta.3": {
      "integrity": "sha512-qB1ofY+09nDYYaEi5kVsjqy4cKsVPI9E5bkV46CRrQsTF/BBM29wpvaj8qTRQ41qwInFA5kmqnVVr35yfH7ddw=="
    },
    "@rolldown/binding-darwin-x64@1.0.0-beta.3": {
      "integrity": "sha512-Fk+rqyeszMaZK12wItqFDXdUadg+TVQqOPh0fdaCefVebd29N+9fpFrARyo8gReyt/lcnEN4nWgdn7l99R70QA=="
    },
    "@rolldown/binding-freebsd-x64@1.0.0-beta.3": {
      "integrity": "sha512-B7QzJKu53MB/hvwO276AsyxN+p9lfgCkIO94TQB6t3auq3pDCC6u6gdRI1Ydwn6/gpMLiUNCW4mnpxCE5fE5tg=="
    },
    "@rolldown/binding-linux-arm-gnueabihf@1.0.0-beta.3": {
      "integrity": "sha512-NB5JrXP5dAigDTbvVc6VWiOY3Rr/0u1pi/9LYoBtMYiST7hYOrBPO9lvDF9w/23yKCr1+8PF4wFGR/YxKTNN5Q=="
    },
    "@rolldown/binding-linux-arm64-gnu@1.0.0-beta.3": {
      "integrity": "sha512-bYyZLXzJ2boZ7CdUuCSAaTcWkVKcBUOL+B86zv+tRyrtk4BIpHF+L+vOg5uPD/PHwrIglxAno5MN4NnpkUj5fQ=="
    },
    "@rolldown/binding-linux-arm64-musl@1.0.0-beta.3": {
      "integrity": "sha512-t/jaaFrCSvwX2075jRfa2bwAcsuTtY1/sIT4XqsDg2MVxWQtaUyBx5Mi0pqZKTjdOPnL+f/zoUC9dxT2lUpNmw=="
    },
    "@rolldown/binding-linux-x64-gnu@1.0.0-beta.3": {
      "integrity": "sha512-EeDNLPU0Xw8ByRWxNLO30AF0fKYkdb/6rH5G073NFBDkj7ggYR/CvsNBjtDeCJ7+I6JG4xUjete2+VeV+GQjiA=="
    },
    "@rolldown/binding-linux-x64-musl@1.0.0-beta.3": {
      "integrity": "sha512-iTcAj8FKac3nyQhvFuqKt6Xqu9YNDbe1ew6US2OSN4g3zwfujgylaRCitEG+Uzd7AZfSVVLAfqrxKMa36Sj9Mg=="
    },
    "@rolldown/binding-wasm32-wasi@1.0.0-beta.3": {
      "integrity": "sha512-sYgbsbyspvVZ2zplqsTxjf2N3e8UQGQnSsN5u4bMX461gY5vAsjUiA4nf1/ztDBMHWT79lF2QNx4csjnjSxMlA==",
      "dependencies": [
        "@napi-rs/wasm-runtime"
      ]
    },
    "@rolldown/binding-win32-arm64-msvc@1.0.0-beta.3": {
      "integrity": "sha512-qszMtrWybBLTFaew2WgEBRMlz1B/V8XxU87uezXlKcLW36aoRWR8LspZvqqoBkvJzbQtfOgm1HdTIk/v3Rn7QQ=="
    },
    "@rolldown/binding-win32-ia32-msvc@1.0.0-beta.3": {
      "integrity": "sha512-J+mzAO68VK91coLVuUln/XN0ummIEOODyupZ2BmXY8suBHPVAyLLAP54rlucBPQmzU8fI6DXM2bl2whZ+KEXpQ=="
    },
    "@rolldown/binding-win32-x64-msvc@1.0.0-beta.3": {
      "integrity": "sha512-r06rAi+1eStgavGnw+2y4F7gpb0w9ocnKk0Ir7LmegLAkMZ/v4Fjo9jZUrLTLtmI36108v1uvUPrIAFzFOWE7g=="
    },
    "@tybys/wasm-util@0.9.0": {
      "integrity": "sha512-6+7nlbMVX/PVDCwaIQ8nTOPveOcFLSt8GcXdx8hD0bt39uWxYT88uXzqTd4fTvqta7oeUJqudepapKNt2DYJFw==",
      "dependencies": [
        "tslib"
      ]
    },
    "@types/react@19.0.8": {
      "integrity": "sha512-9P/o1IGdfmQxrujGbIMDyYaaCykhLKc0NGCtYcECNUr9UAaDe4gwvV9bR6tvd5Br1SG0j+PBpbKr2UYY8CwqSw==",
      "dependencies": [
        "csstype"
      ]
    },
    "@valibot/to-json-schema@1.0.0-beta.4_valibot@1.0.0-beta.12": {
      "integrity": "sha512-wXBdCyoqec+NLCl5ihitXzZXD4JAjPK3+HfskSXzfhiNFvKje0A/v1LygqKidUgIbaJtREmq/poJGbaS/0MKuQ==",
      "dependencies": [
        "valibot"
      ]
    },
    "csstype@3.1.3": {
      "integrity": "sha512-M1uQkMl8rQK/szD0LNhtqxIPLpimGm8sOBwU7lLnCpSbTyY3yeU1Vc7l4KT5zT4s/yOxHH5O7tIuuLOCnLADRw=="
    },
    "react-dom@19.0.0_react@19.0.0": {
      "integrity": "sha512-4GV5sHFG0e/0AD4X+ySy6UJd3jVl1iNsNHdpad0qhABJ11twS3TTBnseqsKurKcsNqCEFeGL3uLpVChpIO3QfQ==",
      "dependencies": [
        "react",
        "scheduler"
      ]
    },
    "react@19.0.0": {
      "integrity": "sha512-V8AVnmPIICiWpGfm6GLzCR/W5FXLchHop40W4nXBmdlEceh16rCN8O8LNWm5bh5XUX91fh7KpA+W0TgMKmgTpQ=="
    },
    "rolldown@1.0.0-beta.3_valibot@1.0.0-beta.12": {
      "integrity": "sha512-DBpF1K8tSwU/0dQ7zL9BYcje0/GjO5lgfdEW0rHHFfGjGDh8TBVNlokfEXtdt/IoJOiTdtySfsrgarLJkZmZTQ==",
      "dependencies": [
        "@oxc-project/types",
        "@rolldown/binding-darwin-arm64",
        "@rolldown/binding-darwin-x64",
        "@rolldown/binding-freebsd-x64",
        "@rolldown/binding-linux-arm-gnueabihf",
        "@rolldown/binding-linux-arm64-gnu",
        "@rolldown/binding-linux-arm64-musl",
        "@rolldown/binding-linux-x64-gnu",
        "@rolldown/binding-linux-x64-musl",
        "@rolldown/binding-wasm32-wasi",
        "@rolldown/binding-win32-arm64-msvc",
        "@rolldown/binding-win32-ia32-msvc",
        "@rolldown/binding-win32-x64-msvc",
        "@valibot/to-json-schema",
        "valibot"
      ]
    },
    "scheduler@0.25.0": {
      "integrity": "sha512-xFVuu11jh+xcO7JOAGJNOXld8/TcEHK/4CituBUeUb5hqxJLj9YuemAEuvm9gQ/+pgXYfbQuqAkiYu+u7YEsNA=="
    },
    "tslib@2.8.1": {
      "integrity": "sha512-oJFu94HQb+KVduSUQL7wnpmqnfmLsOA/nAh6b6EH0wCEoK0/mPeXU6c3wKDV83MkOuHPRHtSXKKU99IBazS/2w=="
    },
    "valibot@1.0.0-beta.12": {
      "integrity": "sha512-j3WIxJ0pmUFMfdfUECn3YnZPYOiG0yHYcFEa/+RVgo0I+MXE3ToLt7gNRLtY5pwGfgNmsmhenGZfU5suu9ijUA=="
    }
  },
  "remote": {
    "https://deno.land/std@0.203.0/assert/assert.ts": "9a97dad6d98c238938e7540736b826440ad8c1c1e54430ca4c4e623e585607ee",
    "https://deno.land/std@0.203.0/assert/assertion_error.ts": "4d0bde9b374dfbcbe8ac23f54f567b77024fb67dbb1906a852d67fe050d42f56",
    "https://deno.land/std@0.203.0/async/delay.ts": "a6142eb44cdd856b645086af2b811b1fcce08ec06bb7d50969e6a872ee9b8659",
    "https://deno.land/std@0.203.0/collections/_utils.ts": "5114abc026ddef71207a79609b984614e66a63a4bda17d819d56b0e72c51527e",
    "https://deno.land/std@0.203.0/collections/deep_merge.ts": "9db788ba56cb05b65c77166b789e58e125dff159b7f41bf4d19dc1cba19ecb8b",
    "https://deno.land/std@0.203.0/encoding/_util.ts": "f368920189c4fe6592ab2e93bd7ded8f3065b84f95cd3e036a4a10a75649dcba",
    "https://deno.land/std@0.203.0/encoding/base64.ts": "cc03110d6518170aeaa68ec97f89c6d6e2276294b30807e7332591d7ce2e4b72",
    "https://deno.land/std@0.203.0/flags/mod.ts": "0948466fc437f017f00c0b972a422b3dc3317a790bcf326429d23182977eaf9f",
    "https://deno.land/std@0.203.0/fmt/bytes.ts": "f29cf69e0791d375f9f5d94ae1f0641e5a03b975f32ddf86d70f70fdf37e7b6a",
    "https://deno.land/std@0.203.0/fmt/colors.ts": "c51c4642678eb690dcf5ffee5918b675bf01a33fba82acf303701ae1a4f8c8d9",
    "https://deno.land/std@0.203.0/http/etag.ts": "807382795850cde5c437c74bcc09392bc0fc56de348fc1271f383f4b28935b9f",
    "https://deno.land/std@0.203.0/http/file_server.ts": "6f5c4a28c36995f31544abb49b86bee6e7a2d34664cac3936ff08ccad1682d85",
    "https://deno.land/std@0.203.0/http/http_status.ts": "8a7bcfe3ac025199ad804075385e57f63d055b2aed539d943ccc277616d6f932",
    "https://deno.land/std@0.203.0/http/server.ts": "1b2403b3c544c0624ad23e8ca4e05877e65380d9e0d75d04957432d65c3d5f41",
    "https://deno.land/std@0.203.0/http/util.ts": "4cf044067febaa26d0830e356b0f3a5f76d701a60d7ff7a516fad7b192f4c3a7",
    "https://deno.land/std@0.203.0/media_types/_db.ts": "7606d83e31f23ce1a7968cbaee852810c2cf477903a095696cdc62eaab7ce570",
    "https://deno.land/std@0.203.0/media_types/_util.ts": "0879b04cc810ff18d3dcd97d361e03c9dfb29f67d7fc4a9c6c9d387282ef5fe8",
    "https://deno.land/std@0.203.0/media_types/content_type.ts": "ad98a5aa2d95f5965b2796072284258710a25e520952376ed432b0937ce743bc",
    "https://deno.land/std@0.203.0/media_types/format_media_type.ts": "f5e1073c05526a6f5a516ac5c5587a1abd043bf1039c71cde1166aa4328c8baf",
    "https://deno.land/std@0.203.0/media_types/get_charset.ts": "18b88274796fda5d353806bf409eb1d2ddb3f004eb4bd311662c4cdd8ac173db",
    "https://deno.land/std@0.203.0/media_types/parse_media_type.ts": "31ccf2388ffab31b49500bb89fa0f5de189c8897e2ee6c9954f207637d488211",
    "https://deno.land/std@0.203.0/media_types/type_by_extension.ts": "8c210d4e28ea426414dd8c61146eefbcc7e091a89ccde54bbbe883a154856afd",
    "https://deno.land/std@0.203.0/media_types/vendor/mime-db.v1.52.0.ts": "6925bbcae81ca37241e3f55908d0505724358cda3384eaea707773b2c7e99586",
    "https://deno.land/std@0.203.0/path/_constants.ts": "e49961f6f4f48039c0dfed3c3f93e963ca3d92791c9d478ac5b43183413136e0",
    "https://deno.land/std@0.203.0/path/_extname.ts": "eaaa5aae1acf1f03254d681bd6a8ce42a9cb5b7ff2213a9d4740e8ab31283664",
    "https://deno.land/std@0.203.0/path/_join.ts": "815f5e85b042285175b1492dd5781240ce126c23bd97bad6b8211fe7129c538e",
    "https://deno.land/std@0.203.0/path/_normalize.ts": "a19ec8706b2707f9dd974662a5cd89fad438e62ab1857e08b314a8eb49a34d81",
    "https://deno.land/std@0.203.0/path/_os.ts": "30b0c2875f360c9296dbe6b7f2d528f0f9c741cecad2e97f803f5219e91b40a2",
    "https://deno.land/std@0.203.0/path/_relative.ts": "27bdeffb5311a47d85be26d37ad1969979359f7636c5cd9fcf05dcd0d5099dc5",
    "https://deno.land/std@0.203.0/path/_resolve.ts": "7a3616f1093735ed327e758313b79c3c04ea921808ca5f19ddf240cb68d0adf6",
    "https://deno.land/std@0.203.0/path/_util.ts": "4e191b1bac6b3bf0c31aab42e5ca2e01a86ab5a0d2e08b75acf8585047a86221",
    "https://deno.land/std@0.203.0/path/extname.ts": "62c4b376300795342fe1e4746c0de518b4dc9c4b0b4617bfee62a2973a9555cf",
    "https://deno.land/std@0.203.0/path/join.ts": "31c5419f23d91655b08ec7aec403f4e4cd1a63d39e28f6e42642ea207c2734f8",
    "https://deno.land/std@0.203.0/path/relative.ts": "8bedac226afd360afc45d451a6c29fabceaf32978526bcb38e0c852661f66c61",
    "https://deno.land/std@0.203.0/path/resolve.ts": "133161e4949fc97f9ca67988d51376b0f5eef8968a6372325ab84d39d30b80dc",
    "https://deno.land/std@0.203.0/path/separator.ts": "40a3e9a4ad10bef23bc2cd6c610291b6c502a06237c2c4cd034a15ca78dedc1f",
    "https://deno.land/std@0.203.0/streams/byte_slice_stream.ts": "c46d7c74836fc8c1a9acd9fe211cbe1bbaaee1b36087c834fb03af4991135c3a",
    "https://deno.land/std@0.203.0/version.ts": "ddc2b937c9ea28a4a4fcc0d47adc90915bef8ea629612a0c8f46b67d6a90fdb3"
  },
  "workspace": {
    "dependencies": [
      "jsr:@hono/hono@^4.6.18",
      "npm:@types/react@19",
      "npm:react-dom@19",
      "npm:react@19",
      "npm:rolldown@^1.0.0-beta.3"
    ]
  }
}
